
Microsoft Visual Studio Solution File, Format Version 12.00
# Visual Studio 2013
VisualStudioVersion = 12.0.40629.0
MinimumVisualStudioVersion = 10.0.40219.1
Project("{8BC9CEB8-8B4A-11D0-8D11-00A0C91BC942}") = "Coke", "Coke\Coke.vcxproj", "{B57FD123-92F7-446D-AA55-2DADD63BFE1C}"
	ProjectSection(ProjectDependencies) = postProject
		{E6A018A3-F7F5-4C53-8B3E-D78EAAEF6FBB} = {E6A018A3-F7F5-4C53-8B3E-D78EAAEF6FBB}
	EndProjectSection
EndProject
Project("{8BC9CEB8-8B4A-11D0-8D11-00A0C91BC942}") = "CokeCan", "CokeCan\CokeCan.vcxproj", "{E6A018A3-F7F5-4C53-8B3E-D78EAAEF6FBB}"
EndProject
Project("{8BC9CEB8-8B4A-11D0-8D11-00A0C91BC942}") = "IceCube", "IceCube\IceCube.vcxproj", "{DD368C2C-6872-43F0-84E8-710A789270BF}"
EndProject
Global
	GlobalSection(SolutionConfigurationPlatforms) = preSolution
		Debug|Win32 = Debug|Win32
		Release|Win32 = Release|Win32
	EndGlobalSection
	GlobalSection(ProjectConfigurationPlatforms) = postSolution
		{B57FD123-92F7-446D-AA55-2DADD63BFE1C}.Debug|Win32.ActiveCfg = Debug|Win32
		{B57FD123-92F7-446D-AA55-2DADD63BFE1C}.Debug|Win32.Build.0 = Debug|Win32
		{B57FD123-92F7-446D-AA55-2DADD63BFE1C}.Release|Win32.ActiveCfg = Release|Win32
		{B57FD123-92F7-446D-AA55-2DADD63BFE1C}.Release|Win32.Build.0 = Release|Win32
		{E6A018A3-F7F5-4C53-8B3E-D78EAAEF6FBB}.Debug|Win32.ActiveCfg = Debug|Win32
		{E6A018A3-F7F5-4C53-8B3E-D78EAAEF6FBB}.Debug|Win32.Build.0 = Debug|Win32
		{E6A018A3-F7F5-4C53-8B3E-D78EAAEF6FBB}.Release|Win32.ActiveCfg = Release|Win32
		{E6A018A3-F7F5-4C53-8B3E-D78EAAEF6FBB}.Release|Win32.Build.0 = Release|Win32
		{DD368C2C-6872-43F0-84E8-710A789270BF}.Debug|Win32.ActiveCfg = Debug|Win32
		{DD368C2C-6872-43F0-84E8-710A789270BF}.Debug|Win32.Build.0 = Debug|Win32
		{DD368C2C-6872-43F0-84E8-710A789270BF}.Release|Win32.ActiveCfg = Release|Win32
		{DD368C2C-6872-43F0-84E8-710A789270BF}.Release|Win32.Build.0 = Release|Win32
	EndGlobalSection
	GlobalSection(SolutionProperties) = preSolution
		HideSolutionNode = FALSE
	EndGlobalSection
EndGlobal
